
Microsoft Visual Studio Solution File, Format Version 12.00
# Visual Studio Version 17
VisualStudioVersion = 17.8.34330.188
MinimumVisualStudioVersion = 10.0.40219.1
Project("{8BC9CEB8-8B4A-11D0-8D11-00A0C91BC942}") = "Sandbox", "Sandbox\Sandbox.vcxproj", "{6277BC32-2D10-484C-A243-26BDF4363EED}"
EndProject
Project("{8BC9CEB8-8B4A-11D0-8D11-00A0C91BC942}") = "Rainier", "Rainier\Rainier.vcxproj", "{1FE65507-C74F-4F9C-A416-E82154F0E631}"
EndProject
Global
	GlobalSection(SolutionConfigurationPlatforms) = preSolution
		Debug|x64 = Debug|x64
		Release|x64 = Release|x64
	EndGlobalSection
	GlobalSection(ProjectConfigurationPlatforms) = postSolution
		{1FE65507-C74F-4F9C-A416-E82154F0E631}.Debug|x64.ActiveCfg = Debug|x64
		{1FE65507-C74F-4F9C-A416-E82154F0E631}.Debug|x64.Build.0 = Debug|x64
		{1FE65507-C74F-4F9C-A416-E82154F0E631}.Release|x64.ActiveCfg = Release|x64
		{1FE65507-C74F-4F9C-A416-E82154F0E631}.Release|x64.Build.0 = Release|x64
		{6277BC32-2D10-484C-A243-26BDF4363EED}.Debug|x64.ActiveCfg = Debug|x64
		{6277BC32-2D10-484C-A243-26BDF4363EED}.Debug|x64.Build.0 = Debug|x64
		{6277BC32-2D10-484C-A243-26BDF4363EED}.Release|x64.ActiveCfg = Release|x64
		{6277BC32-2D10-484C-A243-26BDF4363EED}.Release|x64.Build.0 = Release|x64
	EndGlobalSection
	GlobalSection(SolutionProperties) = preSolution
		HideSolutionNode = FALSE
	EndGlobalSection
	GlobalSection(ExtensibilityGlobals) = postSolution
		SolutionGuid = {59DC4546-1E5A-4A41-AE76-B8554C00A585}
	EndGlobalSection
EndGlobal
