<?xml version="1.0" encoding="utf-8"?>
<Project ToolsVersion="4.0" xmlns="http://schemas.microsoft.com/developer/msbuild/2003">
  <ItemGroup>
    <Filter Include="Platform">
      <UniqueIdentifier>{2AC788B4-1694-E3BF-3FAD-D1672BD9184E}</UniqueIdentifier>
    </Filter>
    <Filter Include="Platform\OpenGL">
      <UniqueIdentifier>{1E7D2C1D-8A08-9AE1-9319-1DD6FF23F6E1}</UniqueIdentifier>
    </Filter>
    <Filter Include="Platform\Windows">
      <UniqueIdentifier>{64FBD71A-50F4-F66C-7926-DCF1657ED678}</UniqueIdentifier>
    </Filter>
    <Filter Include="Rainier">
      <UniqueIdentifier>{EFA2D595-5B82-5431-649A-DF07D0F8BA92}</UniqueIdentifier>
    </Filter>
    <Filter Include="Rainier\Events">
      <UniqueIdentifier>{F3CBD619-DF99-CA1F-C82D-3B46B49AA684}</UniqueIdentifier>
    </Filter>
    <Filter Include="Rainier\ImGui">
      <UniqueIdentifier>{594FAE8C-C50F-2AC3-8E4A-7340FAC96E9F}</UniqueIdentifier>
    </Filter>
  </ItemGroup>
  <ItemGroup>
    <ClInclude Include="src\Platform\OpenGL\ImGuiOpenGLRenderer.h">
      <Filter>Platform\OpenGL</Filter>
    </ClInclude>
    <ClInclude Include="src\Platform\Windows\WindowsWindow.h">
      <Filter>Platform\Windows</Filter>
    </ClInclude>
    <ClInclude Include="src\Rainier.h" />
    <ClInclude Include="src\Rainier\Application.h">
      <Filter>Rainier</Filter>
    </ClInclude>
    <ClInclude Include="src\Rainier\Core.h">
      <Filter>Rainier</Filter>
    </ClInclude>
    <ClInclude Include="src\Rainier\EntryPoint.h">
      <Filter>Rainier</Filter>
    </ClInclude>
    <ClInclude Include="src\Rainier\Events\ApplicationEvent.h">
      <Filter>Rainier\Events</Filter>
    </ClInclude>
    <ClInclude Include="src\Rainier\Events\Event.h">
      <Filter>Rainier\Events</Filter>
    </ClInclude>
    <ClInclude Include="src\Rainier\Events\KeyEvent.h">
      <Filter>Rainier\Events</Filter>
    </ClInclude>
    <ClInclude Include="src\Rainier\Events\MouseEvent.h">
      <Filter>Rainier\Events</Filter>
    </ClInclude>
    <ClInclude Include="src\Rainier\ImGui\ImGuiLayer.h">
      <Filter>Rainier\ImGui</Filter>
    </ClInclude>
    <ClInclude Include="src\Rainier\Layer.h">
      <Filter>Rainier</Filter>
    </ClInclude>
    <ClInclude Include="src\Rainier\LayerStack.h">
      <Filter>Rainier</Filter>
    </ClInclude>
    <ClInclude Include="src\Rainier\Log.h">
      <Filter>Rainier</Filter>
    </ClInclude>
    <ClInclude Include="src\Rainier\Window.h">
      <Filter>Rainier</Filter>
    </ClInclude>
    <ClInclude Include="src\rnpch.h" />
  </ItemGroup>
  <ItemGroup>
    <ClCompile Include="src\Platform\OpenGL\ImGuiOpenGLRenderer.cpp">
      <Filter>Platform\OpenGL</Filter>
    </ClCompile>
    <ClCompile Include="src\Platform\Windows\WindowsWindow.cpp">
      <Filter>Platform\Windows</Filter>
    </ClCompile>
    <ClCompile Include="src\Rainier\Application.cpp">
      <Filter>Rainier</Filter>
    </ClCompile>
    <ClCompile Include="src\Rainier\ImGui\ImGuiLayer.cpp">
      <Filter>Rainier\ImGui</Filter>
    </ClCompile>
    <ClCompile Include="src\Rainier\Layer.cpp">
      <Filter>Rainier</Filter>
    </ClCompile>
    <ClCompile Include="src\Rainier\LayerStack.cpp">
      <Filter>Rainier</Filter>
    </ClCompile>
    <ClCompile Include="src\Rainier\Log.cpp">
      <Filter>Rainier</Filter>
    </ClCompile>
    <ClCompile Include="src\rnpch.cpp" />
  </ItemGroup>
</Project>